
Microsoft Visual Studio Solution File, Format Version 12.00
# Visual Studio Version 16
VisualStudioVersion = 16.0.33529.622
MinimumVisualStudioVersion = 10.0.40219.1
Project("{FAE04EC0-301F-11D3-BF4B-00C04F79EFBC}") = "GestionQuiz", "GestionQuiz\GestionQuiz.csproj", "{305B398A-BF0F-4F84-844A-D30FDC363A70}"
EndProject
Global
	GlobalSection(SolutionConfigurationPlatforms) = preSolution
		Debug|Any CPU = Debug|Any CPU
		Release|Any CPU = Release|Any CPU
	EndGlobalSection
	GlobalSection(ProjectConfigurationPlatforms) = postSolution
		{305B398A-BF0F-4F84-844A-D30FDC363A70}.Debug|Any CPU.ActiveCfg = Debug|Any CPU
		{305B398A-BF0F-4F84-844A-D30FDC363A70}.Debug|Any CPU.Build.0 = Debug|Any CPU
		{305B398A-BF0F-4F84-844A-D30FDC363A70}.Release|Any CPU.ActiveCfg = Release|Any CPU
		{305B398A-BF0F-4F84-844A-D30FDC363A70}.Release|Any CPU.Build.0 = Release|Any CPU
	EndGlobalSection
	GlobalSection(SolutionProperties) = preSolution
		HideSolutionNode = FALSE
	EndGlobalSection
	GlobalSection(ExtensibilityGlobals) = postSolution
		SolutionGuid = {93F5377D-59E7-4374-9E49-108A4639BEB5}
	EndGlobalSection
EndGlobal
